Microsoft Visual Studio Solution File, Format Version 12.00
# Visual Studio Version 17
VisualStudioVersion = 17.5.2.0
MinimumVisualStudioVersion = 10.0.40219.1
Project("{FAE04EC0-301F-11D3-BF4B-00C04F79EFBC}") = "PARCIAL - FUTBOL PERUANO", "PARCIAL - FUTBOL PERUANO.csproj", "{0EDD9DE9-8FB4-29DB-A054-17DC71A15AF2}"
EndProject
Global
	GlobalSection(SolutionConfigurationPlatforms) = preSolution
		Debug|Any CPU = Debug|Any CPU
		Release|Any CPU = Release|Any CPU
	EndGlobalSection
	GlobalSection(ProjectConfigurationPlatforms) = postSolution
		{0EDD9DE9-8FB4-29DB-A054-17DC71A15AF2}.Debug|Any CPU.ActiveCfg = Debug|Any CPU
		{0EDD9DE9-8FB4-29DB-A054-17DC71A15AF2}.Debug|Any CPU.Build.0 = Debug|Any CPU
		{0EDD9DE9-8FB4-29DB-A054-17DC71A15AF2}.Release|Any CPU.ActiveCfg = Release|Any CPU
		{0EDD9DE9-8FB4-29DB-A054-17DC71A15AF2}.Release|Any CPU.Build.0 = Release|Any CPU
	EndGlobalSection
	GlobalSection(SolutionProperties) = preSolution
		HideSolutionNode = FALSE
	EndGlobalSection
	GlobalSection(ExtensibilityGlobals) = postSolution
		SolutionGuid = {480DCC9B-D446-402B-9856-0A4A1F800FB6}
	EndGlobalSection
EndGlobal
